
Microsoft Visual Studio Solution File, Format Version 12.00
# Visual Studio Version 16
VisualStudioVersion = 16.0.31129.286
MinimumVisualStudioVersion = 10.0.40219.1
Project("{FAE04EC0-301F-11D3-BF4B-00C04F79EFBC}") = "MvcMovieIdentity", "MvcMovieIdentity.csproj", "{CE378434-D871-4D96-9D17-9BF182CB122E}"
EndProject
Global
	GlobalSection(SolutionConfigurationPlatforms) = preSolution
		Debug|Any CPU = Debug|Any CPU
		Release|Any CPU = Release|Any CPU
	EndGlobalSection
	GlobalSection(ProjectConfigurationPlatforms) = postSolution
		{CE378434-D871-4D96-9D17-9BF182CB122E}.Debug|Any CPU.ActiveCfg = Debug|Any CPU
		{CE378434-D871-4D96-9D17-9BF182CB122E}.Debug|Any CPU.Build.0 = Debug|Any CPU
		{CE378434-D871-4D96-9D17-9BF182CB122E}.Release|Any CPU.ActiveCfg = Release|Any CPU
		{CE378434-D871-4D96-9D17-9BF182CB122E}.Release|Any CPU.Build.0 = Release|Any CPU
	EndGlobalSection
	GlobalSection(SolutionProperties) = preSolution
		HideSolutionNode = FALSE
	EndGlobalSection
	GlobalSection(ExtensibilityGlobals) = postSolution
		SolutionGuid = {C6087CF0-97E3-4E25-907F-B9D0E839E384}
	EndGlobalSection
EndGlobal
